schema: '2.0'
stages:
  prepare:
    cmd: python prepare.py data/raw/iris.csv
    deps:
    - path: data/raw/iris.csv
      hash: md5
      md5: 341a3b5244f213282b7b0920b729c592
      size: 3975
    - path: params.yaml
      hash: md5
      md5: 8bdd6c133e0dae7d35b486fb4ec9d148
      size: 325
    - path: prepare.py
      hash: md5
      md5: 01dfb121441a293ab808e98d54477e40
      size: 987
    outs:
    - path: data/prepared
      hash: md5
      md5: 8471dcb682e4a2b27649fa8548b24347.dir
      size: 2814
      nfiles: 2
  train:
    cmd: python train.py data/prepared models
    deps:
    - path: data/prepared
      hash: md5
      md5: 8471dcb682e4a2b27649fa8548b24347.dir
      size: 2814
      nfiles: 2
    - path: params.yaml
      hash: md5
      md5: 8bdd6c133e0dae7d35b486fb4ec9d148
      size: 325
    - path: train.py
      hash: md5
      md5: 88a07d76a235dc98a7563c7436c0d3ca
      size: 2695
